
Microsoft Visual Studio Solution File, Format Version 12.00
# Visual Studio Version 17
VisualStudioVersion = 17.7.34202.233
MinimumVisualStudioVersion = 10.0.40219.1
Project("{FAE04EC0-301F-11D3-BF4B-00C04F79EFBC}") = "Console_Structure", "Console_Structure.csproj", "{2CADF150-35BD-4549-885C-5EBC8F992A94}"
EndProject
Global
	GlobalSection(SolutionConfigurationPlatforms) = preSolution
		Debug|Any CPU = Debug|Any CPU
		Release|Any CPU = Release|Any CPU
	EndGlobalSection
	GlobalSection(ProjectConfigurationPlatforms) = postSolution
		{2CADF150-35BD-4549-885C-5EBC8F992A94}.Debug|Any CPU.ActiveCfg = Debug|Any CPU
		{2CADF150-35BD-4549-885C-5EBC8F992A94}.Debug|Any CPU.Build.0 = Debug|Any CPU
		{2CADF150-35BD-4549-885C-5EBC8F992A94}.Release|Any CPU.ActiveCfg = Release|Any CPU
		{2CADF150-35BD-4549-885C-5EBC8F992A94}.Release|Any CPU.Build.0 = Release|Any CPU
	EndGlobalSection
	GlobalSection(SolutionProperties) = preSolution
		HideSolutionNode = FALSE
	EndGlobalSection
	GlobalSection(ExtensibilityGlobals) = postSolution
		SolutionGuid = {A2F0E6D9-2EF6-40D7-9293-D353F501473B}
	EndGlobalSection
EndGlobal
