
Microsoft Visual Studio Solution File, Format Version 12.00
# Visual Studio Version 17
VisualStudioVersion = 17.7.34202.233
MinimumVisualStudioVersion = 10.0.40219.1
Project("{FAE04EC0-301F-11D3-BF4B-00C04F79EFBC}") = "Console_ClassBasics", "Console_ClassBasics\Console_ClassBasics.csproj", "{7574D87E-A72C-4B61-8756-9A876C9A25D7}"
EndProject
Project("{FAE04EC0-301F-11D3-BF4B-00C04F79EFBC}") = "NewClassLibrary", "NewClassLibrary\NewClassLibrary.csproj", "{EBAA627D-DD24-4115-9F07-7B3E87AC583F}"
EndProject
Global
	GlobalSection(SolutionConfigurationPlatforms) = preSolution
		Debug|Any CPU = Debug|Any CPU
		Release|Any CPU = Release|Any CPU
	EndGlobalSection
	GlobalSection(ProjectConfigurationPlatforms) = postSolution
		{7574D87E-A72C-4B61-8756-9A876C9A25D7}.Debug|Any CPU.ActiveCfg = Debug|Any CPU
		{7574D87E-A72C-4B61-8756-9A876C9A25D7}.Debug|Any CPU.Build.0 = Debug|Any CPU
		{7574D87E-A72C-4B61-8756-9A876C9A25D7}.Release|Any CPU.ActiveCfg = Release|Any CPU
		{7574D87E-A72C-4B61-8756-9A876C9A25D7}.Release|Any CPU.Build.0 = Release|Any CPU
		{EBAA627D-DD24-4115-9F07-7B3E87AC583F}.Debug|Any CPU.ActiveCfg = Debug|Any CPU
		{EBAA627D-DD24-4115-9F07-7B3E87AC583F}.Debug|Any CPU.Build.0 = Debug|Any CPU
		{EBAA627D-DD24-4115-9F07-7B3E87AC583F}.Release|Any CPU.ActiveCfg = Release|Any CPU
		{EBAA627D-DD24-4115-9F07-7B3E87AC583F}.Release|Any CPU.Build.0 = Release|Any CPU
	EndGlobalSection
	GlobalSection(SolutionProperties) = preSolution
		HideSolutionNode = FALSE
	EndGlobalSection
	GlobalSection(ExtensibilityGlobals) = postSolution
		SolutionGuid = {58A124EB-49E6-4010-BF65-C563296F320C}
	EndGlobalSection
EndGlobal
