
Microsoft Visual Studio Solution File, Format Version 12.00
# Visual Studio Version 17
VisualStudioVersion = 17.7.34202.233
MinimumVisualStudioVersion = 10.0.40219.1
Project("{FAE04EC0-301F-11D3-BF4B-00C04F79EFBC}") = "ClassLibrary_Interface", "ClassLibrary_Interface.csproj", "{B9EBC84A-59C9-4035-97F3-E276651B7BBC}"
EndProject
Global
	GlobalSection(SolutionConfigurationPlatforms) = preSolution
		Debug|Any CPU = Debug|Any CPU
		Release|Any CPU = Release|Any CPU
	EndGlobalSection
	GlobalSection(ProjectConfigurationPlatforms) = postSolution
		{B9EBC84A-59C9-4035-97F3-E276651B7BBC}.Debug|Any CPU.ActiveCfg = Debug|Any CPU
		{B9EBC84A-59C9-4035-97F3-E276651B7BBC}.Debug|Any CPU.Build.0 = Debug|Any CPU
		{B9EBC84A-59C9-4035-97F3-E276651B7BBC}.Release|Any CPU.ActiveCfg = Release|Any CPU
		{B9EBC84A-59C9-4035-97F3-E276651B7BBC}.Release|Any CPU.Build.0 = Release|Any CPU
	EndGlobalSection
	GlobalSection(SolutionProperties) = preSolution
		HideSolutionNode = FALSE
	EndGlobalSection
	GlobalSection(ExtensibilityGlobals) = postSolution
		SolutionGuid = {91EFE00D-BEED-4D52-8B84-BB7F25364957}
	EndGlobalSection
EndGlobal
