
Microsoft Visual Studio Solution File, Format Version 12.00
# Visual Studio Version 17
VisualStudioVersion = 17.7.34202.233
MinimumVisualStudioVersion = 10.0.40219.1
Project("{FAE04EC0-301F-11D3-BF4B-00C04F79EFBC}") = "Manage_Employee", "Manage_Employee\Manage_Employee.csproj", "{5E60667C-E6EE-40FB-8979-770E14517FCC}"
EndProject
Global
	GlobalSection(SolutionConfigurationPlatforms) = preSolution
		Debug|Any CPU = Debug|Any CPU
		Release|Any CPU = Release|Any CPU
	EndGlobalSection
	GlobalSection(ProjectConfigurationPlatforms) = postSolution
		{5E60667C-E6EE-40FB-8979-770E14517FCC}.Debug|Any CPU.ActiveCfg = Debug|Any CPU
		{5E60667C-E6EE-40FB-8979-770E14517FCC}.Debug|Any CPU.Build.0 = Debug|Any CPU
		{5E60667C-E6EE-40FB-8979-770E14517FCC}.Release|Any CPU.ActiveCfg = Release|Any CPU
		{5E60667C-E6EE-40FB-8979-770E14517FCC}.Release|Any CPU.Build.0 = Release|Any CPU
	EndGlobalSection
	GlobalSection(SolutionProperties) = preSolution
		HideSolutionNode = FALSE
	EndGlobalSection
	GlobalSection(ExtensibilityGlobals) = postSolution
		SolutionGuid = {2860DB65-C156-4F8C-A344-4C0BCFE552FB}
	EndGlobalSection
EndGlobal
