
Microsoft Visual Studio Solution File, Format Version 12.00
# Visual Studio Version 17
VisualStudioVersion = 17.7.34202.233
MinimumVisualStudioVersion = 10.0.40219.1
Project("{FAE04EC0-301F-11D3-BF4B-00C04F79EFBC}") = "utility", "utility\utility.csproj", "{CC950029-D0B7-4EC1-943E-D82F1DCBFAED}"
EndProject
Project("{FAE04EC0-301F-11D3-BF4B-00C04F79EFBC}") = "useUtililty", "useUtililty\useUtililty.csproj", "{8E329DDC-2F81-4734-A9BE-21BC57D446ED}"
EndProject
Global
	GlobalSection(SolutionConfigurationPlatforms) = preSolution
		Debug|Any CPU = Debug|Any CPU
		Release|Any CPU = Release|Any CPU
	EndGlobalSection
	GlobalSection(ProjectConfigurationPlatforms) = postSolution
		{CC950029-D0B7-4EC1-943E-D82F1DCBFAED}.Debug|Any CPU.ActiveCfg = Debug|Any CPU
		{CC950029-D0B7-4EC1-943E-D82F1DCBFAED}.Debug|Any CPU.Build.0 = Debug|Any CPU
		{CC950029-D0B7-4EC1-943E-D82F1DCBFAED}.Release|Any CPU.ActiveCfg = Release|Any CPU
		{CC950029-D0B7-4EC1-943E-D82F1DCBFAED}.Release|Any CPU.Build.0 = Release|Any CPU
		{8E329DDC-2F81-4734-A9BE-21BC57D446ED}.Debug|Any CPU.ActiveCfg = Debug|Any CPU
		{8E329DDC-2F81-4734-A9BE-21BC57D446ED}.Debug|Any CPU.Build.0 = Debug|Any CPU
		{8E329DDC-2F81-4734-A9BE-21BC57D446ED}.Release|Any CPU.ActiveCfg = Release|Any CPU
		{8E329DDC-2F81-4734-A9BE-21BC57D446ED}.Release|Any CPU.Build.0 = Release|Any CPU
	EndGlobalSection
	GlobalSection(SolutionProperties) = preSolution
		HideSolutionNode = FALSE
	EndGlobalSection
	GlobalSection(ExtensibilityGlobals) = postSolution
		SolutionGuid = {ABDEF66B-F4E7-43D3-AAA8-3A3FD71DB422}
	EndGlobalSection
EndGlobal
