
Microsoft Visual Studio Solution File, Format Version 12.00
# Visual Studio Version 17
VisualStudioVersion = 17.7.34202.233
MinimumVisualStudioVersion = 10.0.40219.1
Project("{FAE04EC0-301F-11D3-BF4B-00C04F79EFBC}") = "NewProject1", "NewProject1.csproj", "{5B38F8AF-86B1-4F0B-9C2D-001957EDFE83}"
EndProject
Project("{FAE04EC0-301F-11D3-BF4B-00C04F79EFBC}") = "NewClassLibrary1", "..\NewClassLibrary1\NewClassLibrary1.csproj", "{F7601DB5-8E13-4681-835A-D24BDC17777D}"
EndProject
Global
	GlobalSection(SolutionConfigurationPlatforms) = preSolution
		Debug|Any CPU = Debug|Any CPU
		Release|Any CPU = Release|Any CPU
	EndGlobalSection
	GlobalSection(ProjectConfigurationPlatforms) = postSolution
		{5B38F8AF-86B1-4F0B-9C2D-001957EDFE83}.Debug|Any CPU.ActiveCfg = Debug|Any CPU
		{5B38F8AF-86B1-4F0B-9C2D-001957EDFE83}.Debug|Any CPU.Build.0 = Debug|Any CPU
		{5B38F8AF-86B1-4F0B-9C2D-001957EDFE83}.Release|Any CPU.ActiveCfg = Release|Any CPU
		{5B38F8AF-86B1-4F0B-9C2D-001957EDFE83}.Release|Any CPU.Build.0 = Release|Any CPU
		{F7601DB5-8E13-4681-835A-D24BDC17777D}.Debug|Any CPU.ActiveCfg = Debug|Any CPU
		{F7601DB5-8E13-4681-835A-D24BDC17777D}.Debug|Any CPU.Build.0 = Debug|Any CPU
		{F7601DB5-8E13-4681-835A-D24BDC17777D}.Release|Any CPU.ActiveCfg = Release|Any CPU
		{F7601DB5-8E13-4681-835A-D24BDC17777D}.Release|Any CPU.Build.0 = Release|Any CPU
	EndGlobalSection
	GlobalSection(SolutionProperties) = preSolution
		HideSolutionNode = FALSE
	EndGlobalSection
	GlobalSection(ExtensibilityGlobals) = postSolution
		SolutionGuid = {462AB546-EBEF-4207-BA66-9E04C3459BD0}
	EndGlobalSection
EndGlobal
